
Microsoft Visual Studio Solution File, Format Version 12.00
Project("{FAE04EC0-301F-11D3-BF4B-00C04F79EFBC}") = "Booking API", "Booking API.csproj", "{0840270D-EAAF-4229-B284-C6FE76D4FA90}"
EndProject
Project("{2150E333-8FDC-42A3-9474-1A3956D46DE8}") = "src", "src", "{32EF3CAF-6B03-40ED-8C50-3825FE52EF4D}"
EndProject
Global
	GlobalSection(SolutionConfigurationPlatforms) = preSolution
		Debug|Any CPU = Debug|Any CPU
		Release|Any CPU = Release|Any CPU
	EndGlobalSection
	GlobalSection(ProjectConfigurationPlatforms) = postSolution
		{0840270D-EAAF-4229-B284-C6FE76D4FA90}.Debug|Any CPU.ActiveCfg = Debug|Any CPU
		{0840270D-EAAF-4229-B284-C6FE76D4FA90}.Debug|Any CPU.Build.0 = Debug|Any CPU
		{0840270D-EAAF-4229-B284-C6FE76D4FA90}.Release|Any CPU.ActiveCfg = Release|Any CPU
		{0840270D-EAAF-4229-B284-C6FE76D4FA90}.Release|Any CPU.Build.0 = Release|Any CPU
	EndGlobalSection
	GlobalSection(NestedProjects) = preSolution
		{0840270D-EAAF-4229-B284-C6FE76D4FA90} = {32EF3CAF-6B03-40ED-8C50-3825FE52EF4D}
	EndGlobalSection
EndGlobal
